
Microsoft Visual Studio Solution File, Format Version 12.00
# Visual Studio Version 16
VisualStudioVersion = 16.0.30711.63
MinimumVisualStudioVersion = 10.0.40219.1
Project("{9A19103F-16F7-4668-BE54-9A1E7A4F7556}") = "Interfaces", "Interfaces\Interfaces.csproj", "{FA477E87-C6E2-4D50-8F0C-36319DD9E10D}"
EndProject
Project("{9A19103F-16F7-4668-BE54-9A1E7A4F7556}") = "Grains", "Grains\Grains.csproj", "{2D8DC69B-FFDF-4ACD-AB63-2FD6D2BA21C2}"
EndProject
Project("{9A19103F-16F7-4668-BE54-9A1E7A4F7556}") = "Silo", "Silo\Silo.csproj", "{C756F103-7FCB-4B07-B06C-F3E012E0ECE6}"
EndProject
Project("{9A19103F-16F7-4668-BE54-9A1E7A4F7556}") = "Client", "Client\Client.csproj", "{2932A411-E542-4ECA-BFBF-14696CC16E94}"
EndProject
Global
	GlobalSection(SolutionConfigurationPlatforms) = preSolution
		Debug|Any CPU = Debug|Any CPU
		Release|Any CPU = Release|Any CPU
	EndGlobalSection
	GlobalSection(ProjectConfigurationPlatforms) = postSolution
		{FA477E87-C6E2-4D50-8F0C-36319DD9E10D}.Debug|Any CPU.ActiveCfg = Debug|Any CPU
		{FA477E87-C6E2-4D50-8F0C-36319DD9E10D}.Debug|Any CPU.Build.0 = Debug|Any CPU
		{FA477E87-C6E2-4D50-8F0C-36319DD9E10D}.Release|Any CPU.ActiveCfg = Release|Any CPU
		{FA477E87-C6E2-4D50-8F0C-36319DD9E10D}.Release|Any CPU.Build.0 = Release|Any CPU
		{2D8DC69B-FFDF-4ACD-AB63-2FD6D2BA21C2}.Debug|Any CPU.ActiveCfg = Debug|Any CPU
		{2D8DC69B-FFDF-4ACD-AB63-2FD6D2BA21C2}.Debug|Any CPU.Build.0 = Debug|Any CPU
		{2D8DC69B-FFDF-4ACD-AB63-2FD6D2BA21C2}.Release|Any CPU.ActiveCfg = Release|Any CPU
		{2D8DC69B-FFDF-4ACD-AB63-2FD6D2BA21C2}.Release|Any CPU.Build.0 = Release|Any CPU
		{C756F103-7FCB-4B07-B06C-F3E012E0ECE6}.Debug|Any CPU.ActiveCfg = Debug|Any CPU
		{C756F103-7FCB-4B07-B06C-F3E012E0ECE6}.Debug|Any CPU.Build.0 = Debug|Any CPU
		{C756F103-7FCB-4B07-B06C-F3E012E0ECE6}.Release|Any CPU.ActiveCfg = Release|Any CPU
		{C756F103-7FCB-4B07-B06C-F3E012E0ECE6}.Release|Any CPU.Build.0 = Release|Any CPU
		{2932A411-E542-4ECA-BFBF-14696CC16E94}.Debug|Any CPU.ActiveCfg = Debug|Any CPU
		{2932A411-E542-4ECA-BFBF-14696CC16E94}.Debug|Any CPU.Build.0 = Debug|Any CPU
		{2932A411-E542-4ECA-BFBF-14696CC16E94}.Release|Any CPU.ActiveCfg = Release|Any CPU
		{2932A411-E542-4ECA-BFBF-14696CC16E94}.Release|Any CPU.Build.0 = Release|Any CPU
	EndGlobalSection
	GlobalSection(SolutionProperties) = preSolution
		HideSolutionNode = FALSE
	EndGlobalSection
	GlobalSection(ExtensibilityGlobals) = postSolution
		SolutionGuid = {B8A6EFA2-97A8-4263-BDC8-363B494EB8D4}
	EndGlobalSection
EndGlobal
